{
  "nodes": {
    "nixpkgs": {
      "locked": {
        "lastModified": 1641528457,
        "narHash": "sha256-FyU9E63n1W7Ql4pMnhW2/rO9OftWZ37pLppn/c1aisY=",
        "owner": "NixOS",
        "repo": "nixpkgs",
        "rev": "ff377a78794d412a35245e05428c8f95fef3951f",
        "type": "github"
      },
      "original": {
        "id": "nixpkgs",
        "ref": "nixos-unstable",
        "type": "indirect"
      }
    },
    "nixpkgs_2": {
      "locked": {
        "lastModified": 1640871638,
        "narHash": "sha256-ty6sGnJUQEkCd43At5U3DRQZD7rPARz5VginSW6hZ3k=",
        "owner": "NixOS",
        "repo": "nixpkgs",
        "rev": "5b091d4fbe3b7b7493c3b46fe0842e4b30ea24b3",
        "type": "github"
      },
      "original": {
        "id": "nixpkgs",
        "ref": "nixos-unstable",
        "type": "indirect"
      }
    },
    "root": {
      "inputs": {
        "nixpkgs": "nixpkgs",
        "wks": "wks"
      }
    },
    "wks": {
      "inputs": {
        "nixpkgs": "nixpkgs_2"
      },
      "locked": {
        "lastModified": 1641614271,
        "narHash": "sha256-URiHyA6XQsDkfTuj1lxzWjb0vbBesXKZwImP4fkUMwc=",
        "owner": "wiltaylor",
        "repo": "nixwks",
        "rev": "3ee1759848ce11c2372d4c5c654d608b85ae990a",
        "type": "github"
      },
      "original": {
        "owner": "wiltaylor",
        "repo": "nixwks",
        "type": "github"
      }
    }
  },
  "root": "root",
  "version": 7
}
