{
  "nodes": {
    "nixpkgs": {
      "locked": {
        "lastModified": 1640871638,
        "narHash": "sha256-ty6sGnJUQEkCd43At5U3DRQZD7rPARz5VginSW6hZ3k=",
        "owner": "NixOS",
        "repo": "nixpkgs",
        "rev": "5b091d4fbe3b7b7493c3b46fe0842e4b30ea24b3",
        "type": "github"
      },
      "original": {
        "id": "nixpkgs",
        "ref": "nixos-unstable",
        "type": "indirect"
      }
    },
    "nixpkgs_2": {
      "locked": {
        "lastModified": 1640871638,
        "narHash": "sha256-ty6sGnJUQEkCd43At5U3DRQZD7rPARz5VginSW6hZ3k=",
        "owner": "NixOS",
        "repo": "nixpkgs",
        "rev": "5b091d4fbe3b7b7493c3b46fe0842e4b30ea24b3",
        "type": "github"
      },
      "original": {
        "id": "nixpkgs",
        "ref": "nixos-unstable",
        "type": "indirect"
      }
    },
    "root": {
      "inputs": {
        "nixpkgs": "nixpkgs",
        "wks": "wks"
      }
    },
    "wks": {
      "inputs": {
        "nixpkgs": "nixpkgs_2"
      },
      "locked": {
        "lastModified": 1641118476,
        "narHash": "sha256-CmZNYloLRaNyi1U2wE2Pdyy0heprCo1bxu6cEhor0K4=",
        "owner": "wiltaylor",
        "repo": "nixwks",
        "rev": "392e45230c2425904e65b2a3e91d0a6b774d2904",
        "type": "github"
      },
      "original": {
        "owner": "wiltaylor",
        "repo": "nixwks",
        "type": "github"
      }
    }
  },
  "root": "root",
  "version": 7
}
